<?xml version="1.0" encoding="utf-8"?>
<Project ToolsVersion="4.0" xmlns="http://schemas.microsoft.com/developer/msbuild/2003">
  <ItemGroup>
    <Filter Include="Generated Files">
      <UniqueIdentifier>{71ED8ED8-ACB9-4CE9-BBE1-E00B30144E11}</UniqueIdentifier>
      <Extensions>cpp;c;cxx;moc;h;def;odl;idl;res;</Extensions>
    </Filter>
    <Filter Include="Generated Files">
      <UniqueIdentifier>{71ED8ED8-ACB9-4CE9-BBE1-E00B30144E11}</UniqueIdentifier>
      <Extensions>cpp;c;cxx;moc;h;def;odl;idl;res;</Extensions>
    </Filter>
    <Filter Include="Header Files">
      <UniqueIdentifier>{93995380-89BD-4b04-88EB-625FBE52EBFB}</UniqueIdentifier>
      <Extensions>h;hpp;hxx;hm;inl;inc;xsd</Extensions>
    </Filter>
    <Filter Include="Header Files">
      <UniqueIdentifier>{93995380-89BD-4b04-88EB-625FBE52EBFB}</UniqueIdentifier>
      <Extensions>h;hpp;hxx;hm;inl;inc;xsd</Extensions>
    </Filter>
    <Filter Include="Resource Files">
      <UniqueIdentifier>{D9D6E242-F8AF-46E4-B9FD-80ECBC20BA3E}</UniqueIdentifier>
      <Extensions>qrc;*</Extensions>
      <ParseFiles>false</ParseFiles>
    </Filter>
    <Filter Include="Resource Files">
      <UniqueIdentifier>{D9D6E242-F8AF-46E4-B9FD-80ECBC20BA3E}</UniqueIdentifier>
      <Extensions>qrc;*</Extensions>
      <ParseFiles>false</ParseFiles>
    </Filter>
    <Filter Include="Source Files">
      <UniqueIdentifier>{4FC737F1-C7A5-4376-A066-2A32D752A2FF}</UniqueIdentifier>
      <Extensions>cpp;c;cxx;def;odl;idl;hpj;bat;asm;asmx</Extensions>
    </Filter>
    <Filter Include="Source Files">
      <UniqueIdentifier>{4FC737F1-C7A5-4376-A066-2A32D752A2FF}</UniqueIdentifier>
      <Extensions>cpp;c;cxx;def;odl;idl;hpj;bat;asm;asmx</Extensions>
    </Filter>
    <Filter Include="Translation Files">
      <UniqueIdentifier>{639EADAA-A684-42e4-A9AD-28FC9BCB8F7C}</UniqueIdentifier>
      <Extensions>ts;xlf</Extensions>
      <ParseFiles>false</ParseFiles>
    </Filter>
    <Filter Include="Translation Files">
      <UniqueIdentifier>{639EADAA-A684-42e4-A9AD-28FC9BCB8F7C}</UniqueIdentifier>
      <Extensions>ts;xlf</Extensions>
      <ParseFiles>false</ParseFiles>
    </Filter>
    <Filter Include="Generated Files\Debug">
      <UniqueIdentifier>{253e4100-245e-4df0-b2d9-5cb0f162cee7}</UniqueIdentifier>
      <Extensions>cpp;moc</Extensions>
      <SourceControlFiles>False</SourceControlFiles>
    </Filter>
    <Filter Include="Generated Files\Release">
      <UniqueIdentifier>{ec3cd456-dbd1-4bc8-8915-a84350751927}</UniqueIdentifier>
      <Extensions>cpp;moc</Extensions>
      <SourceControlFiles>False</SourceControlFiles>
    </Filter>
  </ItemGroup>
  <ItemGroup>
    <ClCompile Include="AVClock.cpp">
      <Filter>Source Files</Filter>
    </ClCompile>
    <ClCompile Include="AVCompat.cpp">
      <Filter>Source Files</Filter>
    </ClCompile>
    <ClCompile Include="codec\AVDecoder.cpp">
      <Filter>Source Files</Filter>
    </ClCompile>
    <ClCompile Include="AVDemuxThread.cpp">
      <Filter>Source Files</Filter>
    </ClCompile>
    <ClCompile Include="AVDemuxer.cpp">
      <Filter>Source Files</Filter>
    </ClCompile>
    <ClCompile Include="AVError.cpp">
      <Filter>Source Files</Filter>
    </ClCompile>
    <ClCompile Include="input\AVInput.cpp">
      <Filter>Source Files</Filter>
    </ClCompile>
    <ClCompile Include="output\AVOutput.cpp">
      <Filter>Source Files</Filter>
    </ClCompile>
    <ClCompile Include="AVPlayer.cpp">
      <Filter>Source Files</Filter>
    </ClCompile>
    <ClCompile Include="AVPlayerPrivate.cpp">
      <Filter>Source Files</Filter>
    </ClCompile>
    <ClCompile Include="AVThread.cpp">
      <Filter>Source Files</Filter>
    </ClCompile>
    <ClCompile Include="codec\audio\AudioDecoder.cpp">
      <Filter>Source Files</Filter>
    </ClCompile>
    <ClCompile Include="AudioFormat.cpp">
      <Filter>Source Files</Filter>
    </ClCompile>
    <ClCompile Include="AudioFrame.cpp">
      <Filter>Source Files</Filter>
    </ClCompile>
    <ClCompile Include="output\audio\AudioOutput.cpp">
      <Filter>Source Files</Filter>
    </ClCompile>
    <ClCompile Include="output\audio\AudioOutputDSound.cpp">
      <Filter>Source Files</Filter>
    </ClCompile>
    <ClCompile Include="output\audio\AudioOutputTypes.cpp">
      <Filter>Source Files</Filter>
    </ClCompile>
    <ClCompile Include="AudioResampler.cpp">
      <Filter>Source Files</Filter>
    </ClCompile>
    <ClCompile Include="AudioResamplerTypes.cpp">
      <Filter>Source Files</Filter>
    </ClCompile>
    <ClCompile Include="AudioThread.cpp">
      <Filter>Source Files</Filter>
    </ClCompile>
    <ClCompile Include="subtitle\CharsetDetector.cpp">
      <Filter>Source Files</Filter>
    </ClCompile>
    <ClCompile Include="ColorTransform.cpp">
      <Filter>Source Files</Filter>
    </ClCompile>
    <ClCompile Include="CommonTypes.cpp">
      <Filter>Source Files</Filter>
    </ClCompile>
    <ClCompile Include="filter\Filter.cpp">
      <Filter>Source Files</Filter>
    </ClCompile>
    <ClCompile Include="filter\FilterContext.cpp">
      <Filter>Source Files</Filter>
    </ClCompile>
    <ClCompile Include="filter\FilterManager.cpp">
      <Filter>Source Files</Filter>
    </ClCompile>
    <ClCompile Include="Frame.cpp">
      <Filter>Source Files</Filter>
    </ClCompile>
    <ClCompile Include="utils\GPUMemCopy.cpp">
      <Filter>Source Files</Filter>
    </ClCompile>
    <ClCompile Include="output\video\GraphicsItemRenderer.cpp">
      <Filter>Source Files</Filter>
    </ClCompile>
    <ClCompile Include="ImageConverter.cpp">
      <Filter>Source Files</Filter>
    </ClCompile>
    <ClCompile Include="ImageConverterFF.cpp">
      <Filter>Source Files</Filter>
    </ClCompile>
    <ClCompile Include="filter\LibAVFilter.cpp">
      <Filter>Source Files</Filter>
    </ClCompile>
    <ClCompile Include="utils\Logger.cpp">
      <Filter>Source Files</Filter>
    </ClCompile>
    <ClCompile Include="utils\OpenGLHelper.cpp">
      <Filter>Source Files</Filter>
    </ClCompile>
    <ClCompile Include="output\video\OpenGLRendererBase.cpp">
      <Filter>Source Files</Filter>
    </ClCompile>
    <ClCompile Include="OpenGLVideo.cpp">
      <Filter>Source Files</Filter>
    </ClCompile>
    <ClCompile Include="output\video\OpenGLWidgetRenderer.cpp">
      <Filter>Source Files</Filter>
    </ClCompile>
    <ClCompile Include="output\video\OpenGLWindowRenderer.cpp">
      <Filter>Source Files</Filter>
    </ClCompile>
    <ClCompile Include="output\OutputSet.cpp">
      <Filter>Source Files</Filter>
    </ClCompile>
    <ClCompile Include="Packet.cpp">
      <Filter>Source Files</Filter>
    </ClCompile>
    <ClCompile Include="subtitle\PlainText.cpp">
      <Filter>Source Files</Filter>
    </ClCompile>
    <ClCompile Include="subtitle\PlayerSubtitle.cpp">
      <Filter>Source Files</Filter>
    </ClCompile>
    <ClCompile Include="input\QIODeviceInput.cpp">
      <Filter>Source Files</Filter>
    </ClCompile>
    <ClCompile Include="output\video\QPainterRenderer.cpp">
      <Filter>Source Files</Filter>
    </ClCompile>
    <ClCompile Include="QtAV_Global.cpp">
      <Filter>Source Files</Filter>
    </ClCompile>
    <ClCompile Include="ShaderManager.cpp">
      <Filter>Source Files</Filter>
    </ClCompile>
    <ClCompile Include="Statistics.cpp">
      <Filter>Source Files</Filter>
    </ClCompile>
    <ClCompile Include="subtitle\Subtitle.cpp">
      <Filter>Source Files</Filter>
    </ClCompile>
    <ClCompile Include="filter\SubtitleFilter.cpp">
      <Filter>Source Files</Filter>
    </ClCompile>
    <ClCompile Include="subtitle\SubtitleProcessor.cpp">
      <Filter>Source Files</Filter>
    </ClCompile>
    <ClCompile Include="subtitle\SubtitleProcessorFFmpeg.cpp">
      <Filter>Source Files</Filter>
    </ClCompile>
    <ClCompile Include="VideoCapture.cpp">
      <Filter>Source Files</Filter>
    </ClCompile>
    <ClCompile Include="codec\video\VideoDecoder.cpp">
      <Filter>Source Files</Filter>
    </ClCompile>
    <ClCompile Include="codec\video\VideoDecoderCUDA.cpp">
      <Filter>Source Files</Filter>
    </ClCompile>
    <ClCompile Include="codec\video\VideoDecoderFFmpeg.cpp">
      <Filter>Source Files</Filter>
    </ClCompile>
    <ClCompile Include="codec\video\VideoDecoderFFmpegHW.cpp">
      <Filter>Source Files</Filter>
    </ClCompile>
    <ClCompile Include="codec\video\VideoDecoderTypes.cpp">
      <Filter>Source Files</Filter>
    </ClCompile>
    <ClCompile Include="VideoFormat.cpp">
      <Filter>Source Files</Filter>
    </ClCompile>
    <ClCompile Include="VideoFrame.cpp">
      <Filter>Source Files</Filter>
    </ClCompile>
    <ClCompile Include="VideoFrameExtractor.cpp">
      <Filter>Source Files</Filter>
    </ClCompile>
    <ClCompile Include="output\video\VideoOutput.cpp">
      <Filter>Source Files</Filter>
    </ClCompile>
    <ClCompile Include="output\video\VideoOutputEventFilter.cpp">
      <Filter>Source Files</Filter>
    </ClCompile>
    <ClCompile Include="output\video\VideoRenderer.cpp">
      <Filter>Source Files</Filter>
    </ClCompile>
    <ClCompile Include="output\video\VideoRendererTypes.cpp">
      <Filter>Source Files</Filter>
    </ClCompile>
    <ClCompile Include="VideoShader.cpp">
      <Filter>Source Files</Filter>
    </ClCompile>
    <ClCompile Include="VideoThread.cpp">
      <Filter>Source Files</Filter>
    </ClCompile>
    <ClCompile Include="output\video\WidgetRenderer.cpp">
      <Filter>Source Files</Filter>
    </ClCompile>
    <ClCompile Include="cuda\cuda_api.cpp">
      <Filter>Source Files</Filter>
    </ClCompile>
    <ClCompile Include="GeneratedFiles\qrc_QtAV.cpp">
      <Filter>Generated Files</Filter>
    </ClCompile>
    <ClCompile Include="GeneratedFiles\qrc_shaders.cpp">
      <Filter>Generated Files</Filter>
    </ClCompile>
    <ClCompile Include="GeneratedFiles\Debug\moc_WidgetRenderer.cpp">
      <Filter>Generated Files\Debug</Filter>
    </ClCompile>
    <ClCompile Include="GeneratedFiles\Release\moc_WidgetRenderer.cpp">
      <Filter>Generated Files\Release</Filter>
    </ClCompile>
    <ClCompile Include="GeneratedFiles\Debug\moc_VideoThread.cpp">
      <Filter>Generated Files\Debug</Filter>
    </ClCompile>
    <ClCompile Include="GeneratedFiles\Release\moc_VideoThread.cpp">
      <Filter>Generated Files\Release</Filter>
    </ClCompile>
    <ClCompile Include="GeneratedFiles\Debug\moc_VideoOutputEventFilter.cpp">
      <Filter>Generated Files\Debug</Filter>
    </ClCompile>
    <ClCompile Include="GeneratedFiles\Release\moc_VideoOutputEventFilter.cpp">
      <Filter>Generated Files\Release</Filter>
    </ClCompile>
    <ClCompile Include="GeneratedFiles\Debug\moc_VideoOutput.cpp">
      <Filter>Generated Files\Debug</Filter>
    </ClCompile>
    <ClCompile Include="GeneratedFiles\Release\moc_VideoOutput.cpp">
      <Filter>Generated Files\Release</Filter>
    </ClCompile>
    <ClCompile Include="GeneratedFiles\Debug\moc_VideoFrameExtractor.cpp">
      <Filter>Generated Files\Debug</Filter>
    </ClCompile>
    <ClCompile Include="GeneratedFiles\Release\moc_VideoFrameExtractor.cpp">
      <Filter>Generated Files\Release</Filter>
    </ClCompile>
    <ClCompile Include="GeneratedFiles\Debug\moc_VideoCapture.cpp">
      <Filter>Generated Files\Debug</Filter>
    </ClCompile>
    <ClCompile Include="GeneratedFiles\Release\moc_VideoCapture.cpp">
      <Filter>Generated Files\Release</Filter>
    </ClCompile>
    <ClCompile Include="GeneratedFiles\Debug\moc_SubtitleFilter.cpp">
      <Filter>Generated Files\Debug</Filter>
    </ClCompile>
    <ClCompile Include="GeneratedFiles\Release\moc_SubtitleFilter.cpp">
      <Filter>Generated Files\Release</Filter>
    </ClCompile>
    <ClCompile Include="GeneratedFiles\Debug\moc_Subtitle.cpp">
      <Filter>Generated Files\Debug</Filter>
    </ClCompile>
    <ClCompile Include="GeneratedFiles\Release\moc_Subtitle.cpp">
      <Filter>Generated Files\Release</Filter>
    </ClCompile>
    <ClCompile Include="GeneratedFiles\Debug\moc_ShaderManager.cpp">
      <Filter>Generated Files\Debug</Filter>
    </ClCompile>
    <ClCompile Include="GeneratedFiles\Release\moc_ShaderManager.cpp">
      <Filter>Generated Files\Release</Filter>
    </ClCompile>
    <ClCompile Include="GeneratedFiles\Debug\moc_PlayerSubtitle.cpp">
      <Filter>Generated Files\Debug</Filter>
    </ClCompile>
    <ClCompile Include="GeneratedFiles\Release\moc_PlayerSubtitle.cpp">
      <Filter>Generated Files\Release</Filter>
    </ClCompile>
    <ClCompile Include="GeneratedFiles\Debug\moc_OutputSet.cpp">
      <Filter>Generated Files\Debug</Filter>
    </ClCompile>
    <ClCompile Include="GeneratedFiles\Release\moc_OutputSet.cpp">
      <Filter>Generated Files\Release</Filter>
    </ClCompile>
    <ClCompile Include="GeneratedFiles\Debug\moc_OpenGLVideo.cpp">
      <Filter>Generated Files\Debug</Filter>
    </ClCompile>
    <ClCompile Include="GeneratedFiles\Release\moc_OpenGLVideo.cpp">
      <Filter>Generated Files\Release</Filter>
    </ClCompile>
    <ClCompile Include="GeneratedFiles\Debug\moc_LibAVFilter.cpp">
      <Filter>Generated Files\Debug</Filter>
    </ClCompile>
    <ClCompile Include="GeneratedFiles\Release\moc_LibAVFilter.cpp">
      <Filter>Generated Files\Release</Filter>
    </ClCompile>
    <ClCompile Include="GeneratedFiles\Debug\moc_GraphicsItemRenderer.cpp">
      <Filter>Generated Files\Debug</Filter>
    </ClCompile>
    <ClCompile Include="GeneratedFiles\Release\moc_GraphicsItemRenderer.cpp">
      <Filter>Generated Files\Release</Filter>
    </ClCompile>
    <ClCompile Include="GeneratedFiles\Debug\moc_FilterManager.cpp">
      <Filter>Generated Files\Debug</Filter>
    </ClCompile>
    <ClCompile Include="GeneratedFiles\Release\moc_FilterManager.cpp">
      <Filter>Generated Files\Release</Filter>
    </ClCompile>
    <ClCompile Include="GeneratedFiles\Debug\moc_Filter.cpp">
      <Filter>Generated Files\Debug</Filter>
    </ClCompile>
    <ClCompile Include="GeneratedFiles\Release\moc_Filter.cpp">
      <Filter>Generated Files\Release</Filter>
    </ClCompile>
    <ClCompile Include="GeneratedFiles\Debug\moc_AVThread.cpp">
      <Filter>Generated Files\Debug</Filter>
    </ClCompile>
    <ClCompile Include="GeneratedFiles\Release\moc_AVThread.cpp">
      <Filter>Generated Files\Release</Filter>
    </ClCompile>
    <ClCompile Include="GeneratedFiles\Debug\moc_AVPlayer.cpp">
      <Filter>Generated Files\Debug</Filter>
    </ClCompile>
    <ClCompile Include="GeneratedFiles\Release\moc_AVPlayer.cpp">
      <Filter>Generated Files\Release</Filter>
    </ClCompile>
    <ClCompile Include="GeneratedFiles\Debug\moc_AVDemuxThread.cpp">
      <Filter>Generated Files\Debug</Filter>
    </ClCompile>
    <ClCompile Include="GeneratedFiles\Release\moc_AVDemuxThread.cpp">
      <Filter>Generated Files\Release</Filter>
    </ClCompile>
    <ClCompile Include="GeneratedFiles\Debug\moc_AVDemuxer.cpp">
      <Filter>Generated Files\Debug</Filter>
    </ClCompile>
    <ClCompile Include="GeneratedFiles\Release\moc_AVDemuxer.cpp">
      <Filter>Generated Files\Release</Filter>
    </ClCompile>
    <ClCompile Include="GeneratedFiles\Debug\moc_AVDecoder.cpp">
      <Filter>Generated Files\Debug</Filter>
    </ClCompile>
    <ClCompile Include="GeneratedFiles\Release\moc_AVDecoder.cpp">
      <Filter>Generated Files\Release</Filter>
    </ClCompile>
    <ClCompile Include="GeneratedFiles\Debug\moc_AVClock.cpp">
      <Filter>Generated Files\Debug</Filter>
    </ClCompile>
    <ClCompile Include="GeneratedFiles\Release\moc_AVClock.cpp">
      <Filter>Generated Files\Release</Filter>
    </ClCompile>
    <ClCompile Include="GeneratedFiles\Debug\moc_AudioThread.cpp">
      <Filter>Generated Files\Debug</Filter>
    </ClCompile>
    <ClCompile Include="GeneratedFiles\Release\moc_AudioThread.cpp">
      <Filter>Generated Files\Release</Filter>
    </ClCompile>
    <ClCompile Include="GeneratedFiles\Debug\moc_AudioOutput.cpp">
      <Filter>Generated Files\Debug</Filter>
    </ClCompile>
    <ClCompile Include="GeneratedFiles\Release\moc_AudioOutput.cpp">
      <Filter>Generated Files\Release</Filter>
    </ClCompile>
  </ItemGroup>
  <ItemGroup>
    <CustomBuild Include="QtAV\AVClock.h">
      <Filter>Header Files</Filter>
    </CustomBuild>
    <ClInclude Include="QtAV\private\AVCompat.h">
      <Filter>Header Files</Filter>
    </ClInclude>
    <CustomBuild Include="QtAV\AVDecoder.h">
      <Filter>Header Files</Filter>
    </CustomBuild>
    <ClInclude Include="QtAV\private\AVDecoder_p.h">
      <Filter>Header Files</Filter>
    </ClInclude>
    <CustomBuild Include="AVDemuxThread.h">
      <Filter>Header Files</Filter>
    </CustomBuild>
    <CustomBuild Include="QtAV\AVDemuxer.h">
      <Filter>Header Files</Filter>
    </CustomBuild>
    <ClInclude Include="QtAV\AVError.h">
      <Filter>Header Files</Filter>
    </ClInclude>
    <ClInclude Include="QtAV\AVInput.h">
      <Filter>Header Files</Filter>
    </ClInclude>
    <ClInclude Include="QtAV\private\AVInput_p.h">
      <Filter>Header Files</Filter>
    </ClInclude>
    <ClInclude Include="QtAV\AVOutput.h">
      <Filter>Header Files</Filter>
    </ClInclude>
    <ClInclude Include="QtAV\private\AVOutput_p.h">
      <Filter>Header Files</Filter>
    </ClInclude>
    <CustomBuild Include="QtAV\AVPlayer.h">
      <Filter>Header Files</Filter>
    </CustomBuild>
    <ClInclude Include="AVPlayerPrivate.h">
      <Filter>Header Files</Filter>
    </ClInclude>
    <CustomBuild Include="AVThread.h">
      <Filter>Header Files</Filter>
    </CustomBuild>
    <ClInclude Include="AVThread_p.h">
      <Filter>Header Files</Filter>
    </ClInclude>
    <ClInclude Include="QtAV\AudioDecoder.h">
      <Filter>Header Files</Filter>
    </ClInclude>
    <ClInclude Include="QtAV\AudioFormat.h">
      <Filter>Header Files</Filter>
    </ClInclude>
    <ClInclude Include="QtAV\AudioFrame.h">
      <Filter>Header Files</Filter>
    </ClInclude>
    <CustomBuild Include="QtAV\AudioOutput.h">
      <Filter>Header Files</Filter>
    </CustomBuild>
    <ClInclude Include="QtAV\AudioOutputTypes.h">
      <Filter>Header Files</Filter>
    </ClInclude>
    <ClInclude Include="QtAV\private\AudioOutput_p.h">
      <Filter>Header Files</Filter>
    </ClInclude>
    <ClInclude Include="QtAV\AudioResampler.h">
      <Filter>Header Files</Filter>
    </ClInclude>
    <ClInclude Include="QtAV\AudioResamplerTypes.h">
      <Filter>Header Files</Filter>
    </ClInclude>
    <ClInclude Include="QtAV\private\AudioResampler_p.h">
      <Filter>Header Files</Filter>
    </ClInclude>
    <CustomBuild Include="AudioThread.h">
      <Filter>Header Files</Filter>
    </CustomBuild>
    <ClInclude Include="utils\BlockingQueue.h">
      <Filter>Header Files</Filter>
    </ClInclude>
    <ClInclude Include="subtitle\CharsetDetector.h">
      <Filter>Header Files</Filter>
    </ClInclude>
    <ClInclude Include="QtAV\ColorTransform.h">
      <Filter>Header Files</Filter>
    </ClInclude>
    <ClInclude Include="QtAV\CommonTypes.h">
      <Filter>Header Files</Filter>
    </ClInclude>
    <ClInclude Include="QtAV\FactoryDefine.h">
      <Filter>Header Files</Filter>
    </ClInclude>
    <CustomBuild Include="QtAV\Filter.h">
      <Filter>Header Files</Filter>
    </CustomBuild>
    <ClInclude Include="QtAV\FilterContext.h">
      <Filter>Header Files</Filter>
    </ClInclude>
    <CustomBuild Include="filter\FilterManager.h">
      <Filter>Header Files</Filter>
    </CustomBuild>
    <ClInclude Include="QtAV\private\Filter_p.h">
      <Filter>Header Files</Filter>
    </ClInclude>
    <ClInclude Include="QtAV\Frame.h">
      <Filter>Header Files</Filter>
    </ClInclude>
    <ClInclude Include="QtAV\private\Frame_p.h">
      <Filter>Header Files</Filter>
    </ClInclude>
    <ClInclude Include="utils\GPUMemCopy.h">
      <Filter>Header Files</Filter>
    </ClInclude>
    <CustomBuild Include="QtAV\GraphicsItemRenderer.h">
      <Filter>Header Files</Filter>
    </CustomBuild>
    <ClInclude Include="QtAV\ImageConverter.h">
      <Filter>Header Files</Filter>
    </ClInclude>
    <ClInclude Include="QtAV\ImageConverterTypes.h">
      <Filter>Header Files</Filter>
    </ClInclude>
    <ClInclude Include="QtAV\private\ImageConverter_p.h">
      <Filter>Header Files</Filter>
    </ClInclude>
    <CustomBuild Include="QtAV\LibAVFilter.h">
      <Filter>Header Files</Filter>
    </CustomBuild>
    <ClInclude Include="utils\Logger.h">
      <Filter>Header Files</Filter>
    </ClInclude>
    <ClInclude Include="utils\OpenGLHelper.h">
      <Filter>Header Files</Filter>
    </ClInclude>
    <ClInclude Include="QtAV\OpenGLRendererBase.h">
      <Filter>Header Files</Filter>
    </ClInclude>
    <ClInclude Include="QtAV\private\OpenGLRendererBase_p.h">
      <Filter>Header Files</Filter>
    </ClInclude>
    <CustomBuild Include="QtAV\OpenGLVideo.h">
      <Filter>Header Files</Filter>
    </CustomBuild>
    <ClInclude Include="QtAV\OpenGLWidgetRenderer.h">
      <Filter>Header Files</Filter>
    </ClInclude>
    <ClInclude Include="QtAV\OpenGLWindowRenderer.h">
      <Filter>Header Files</Filter>
    </ClInclude>
    <CustomBuild Include="output\OutputSet.h">
      <Filter>Header Files</Filter>
    </CustomBuild>
    <ClInclude Include="QtAV\Packet.h">
      <Filter>Header Files</Filter>
    </ClInclude>
    <ClInclude Include="subtitle\PlainText.h">
      <Filter>Header Files</Filter>
    </ClInclude>
    <CustomBuild Include="QtAV\private\PlayerSubtitle.h">
      <Filter>Header Files</Filter>
    </CustomBuild>
    <ClInclude Include="input\QIODeviceInput.h">
      <Filter>Header Files</Filter>
    </ClInclude>
    <ClInclude Include="QtAV\QPainterRenderer.h">
      <Filter>Header Files</Filter>
    </ClInclude>
    <ClInclude Include="QtAV\private\QPainterRenderer_p.h">
      <Filter>Header Files</Filter>
    </ClInclude>
    <ClInclude Include="QtAV\QtAV.h">
      <Filter>Header Files</Filter>
    </ClInclude>
    <ClInclude Include="QtAV\QtAV_Global.h">
      <Filter>Header Files</Filter>
    </ClInclude>
    <CustomBuild Include="ShaderManager.h">
      <Filter>Header Files</Filter>
    </CustomBuild>
    <ClInclude Include="utils\SharedPtr.h">
      <Filter>Header Files</Filter>
    </ClInclude>
    <ClInclude Include="QtAV\Statistics.h">
      <Filter>Header Files</Filter>
    </ClInclude>
    <CustomBuild Include="QtAV\Subtitle.h">
      <Filter>Header Files</Filter>
    </CustomBuild>
    <CustomBuild Include="QtAV\SubtitleFilter.h">
      <Filter>Header Files</Filter>
    </CustomBuild>
    <ClInclude Include="QtAV\private\SubtitleProcessor.h">
      <Filter>Header Files</Filter>
    </ClInclude>
    <ClInclude Include="QtAV\SurfaceInterop.h">
      <Filter>Header Files</Filter>
    </ClInclude>
    <CustomBuild Include="QtAV\VideoCapture.h">
      <Filter>Header Files</Filter>
    </CustomBuild>
    <ClInclude Include="QtAV\VideoDecoder.h">
      <Filter>Header Files</Filter>
    </ClInclude>
    <ClInclude Include="QtAV\VideoDecoderFFmpegHW.h">
      <Filter>Header Files</Filter>
    </ClInclude>
    <ClInclude Include="QtAV\private\VideoDecoderFFmpegHW_p.h">
      <Filter>Header Files</Filter>
    </ClInclude>
    <ClInclude Include="QtAV\VideoDecoderTypes.h">
      <Filter>Header Files</Filter>
    </ClInclude>
    <ClInclude Include="QtAV\private\VideoDecoder_p.h">
      <Filter>Header Files</Filter>
    </ClInclude>
    <ClInclude Include="QtAV\VideoFormat.h">
      <Filter>Header Files</Filter>
    </ClInclude>
    <ClInclude Include="QtAV\VideoFrame.h">
      <Filter>Header Files</Filter>
    </ClInclude>
    <CustomBuild Include="QtAV\VideoFrameExtractor.h">
      <Filter>Header Files</Filter>
    </CustomBuild>
    <CustomBuild Include="QtAV\VideoOutput.h">
      <Filter>Header Files</Filter>
    </CustomBuild>
    <CustomBuild Include="output\video\VideoOutputEventFilter.h">
      <Filter>Header Files</Filter>
    </CustomBuild>
    <ClInclude Include="QtAV\VideoRenderer.h">
      <Filter>Header Files</Filter>
    </ClInclude>
    <ClInclude Include="QtAV\VideoRendererTypes.h">
      <Filter>Header Files</Filter>
    </ClInclude>
    <ClInclude Include="QtAV\private\VideoRenderer_p.h">
      <Filter>Header Files</Filter>
    </ClInclude>
    <ClInclude Include="QtAV\VideoShader.h">
      <Filter>Header Files</Filter>
    </ClInclude>
    <ClInclude Include="QtAV\private\VideoShader_p.h">
      <Filter>Header Files</Filter>
    </ClInclude>
    <CustomBuild Include="VideoThread.h">
      <Filter>Header Files</Filter>
    </CustomBuild>
    <CustomBuild Include="QtAV\WidgetRenderer.h">
      <Filter>Header Files</Filter>
    </CustomBuild>
    <ClInclude Include="cuda\cuda_api.h">
      <Filter>Header Files</Filter>
    </ClInclude>
    <ClInclude Include="QtAV\dptr.h">
      <Filter>Header Files</Filter>
    </ClInclude>
    <ClInclude Include="QtAV\private\factory.h">
      <Filter>Header Files</Filter>
    </ClInclude>
    <ClInclude Include="cuda\helper_cuda.h">
      <Filter>Header Files</Filter>
    </ClInclude>
    <ClInclude Include="QtAV\private\mkid.h">
      <Filter>Header Files</Filter>
    </ClInclude>
    <ClInclude Include="cuda\dllapi\nv_inc.h">
      <Filter>Header Files</Filter>
    </ClInclude>
    <ClInclude Include="QtAV\private\prepost.h">
      <Filter>Header Files</Filter>
    </ClInclude>
    <ClInclude Include="QtAV\private\singleton.h">
      <Filter>Header Files</Filter>
    </ClInclude>
    <ClInclude Include="QtAV\version.h">
      <Filter>Header Files</Filter>
    </ClInclude>
    <CustomBuild Include="GeneratedFiles\Debug\VideoDecoderFFmpeg.moc">
      <Filter>Generated Files\Debug</Filter>
    </CustomBuild>
    <CustomBuild Include="GeneratedFiles\Debug\VideoDecoderCUDA.moc">
      <Filter>Generated Files\Debug</Filter>
    </CustomBuild>
  </ItemGroup>
  <ItemGroup>
    <None Include="i18n\QtAV_zh_CN.ts">
      <Filter>Translation Files</Filter>
    </None>
  </ItemGroup>
  <ItemGroup>
    <CustomBuild Include="QtAV.qrc">
      <Filter>Resource Files</Filter>
    </CustomBuild>
    <None Include="QtAV.svg">
      <Filter>Resource Files</Filter>
    </None>
    <None Include="i18n\QtAV_zh_CN.qm">
      <Filter>Resource Files</Filter>
    </None>
    <None Include="shaders\planar.f.glsl">
      <Filter>Resource Files</Filter>
    </None>
    <None Include="shaders\rgb.f.glsl">
      <Filter>Resource Files</Filter>
    </None>
    <CustomBuild Include="shaders\shaders.qrc">
      <Filter>Resource Files</Filter>
    </CustomBuild>
  </ItemGroup>
  <ItemGroup>
    <None Include="C:\QtAV-master\src\Qt5AV_resource.rc" />
    <None Include="C:\QtAV-master\src\Qt5AVd_resource.rc" />
  </ItemGroup>
</Project>